
Microsoft Visual Studio Solution File, Format Version 12.00
# Visual Studio 15
VisualStudioVersion = 15.0.27428.2037
MinimumVisualStudioVersion = 10.0.40219.1
Project("{FAE04EC0-301F-11D3-BF4B-00C04F79EFBC}") = "Lab Number 4", "Lab Number 4\Lab Number 4.csproj", "{927CD7B8-16F8-4192-B115-78B842E10F78}"
EndProject
Global
	GlobalSection(SolutionConfigurationPlatforms) = preSolution
		Debug|Any CPU = Debug|Any CPU
		Release|Any CPU = Release|Any CPU
	EndGlobalSection
	GlobalSection(ProjectConfigurationPlatforms) = postSolution
		{927CD7B8-16F8-4192-B115-78B842E10F78}.Debug|Any CPU.ActiveCfg = Debug|Any CPU
		{927CD7B8-16F8-4192-B115-78B842E10F78}.Debug|Any CPU.Build.0 = Debug|Any CPU
		{927CD7B8-16F8-4192-B115-78B842E10F78}.Release|Any CPU.ActiveCfg = Release|Any CPU
		{927CD7B8-16F8-4192-B115-78B842E10F78}.Release|Any CPU.Build.0 = Release|Any CPU
	EndGlobalSection
	GlobalSection(SolutionProperties) = preSolution
		HideSolutionNode = FALSE
	EndGlobalSection
	GlobalSection(ExtensibilityGlobals) = postSolution
		SolutionGuid = {20665F63-AAD4-4402-9262-B4B594E9DB67}
	EndGlobalSection
EndGlobal
